
Microsoft Visual Studio Solution File, Format Version 12.00
# Visual Studio Version 16
VisualStudioVersion = 16.0.30225.117
MinimumVisualStudioVersion = 10.0.40219.1
Project("{FAE04EC0-301F-11D3-BF4B-00C04F79EFBC}") = "NoteKeeper.UWP", "NoteKeeper\NoteKeeper.UWP\NoteKeeper.UWP.csproj", "{4AF19A86-A3A1-46A1-8534-44D01B3CC65E}"
EndProject
Project("{FAE04EC0-301F-11D3-BF4B-00C04F79EFBC}") = "NoteKeeper.Android", "NoteKeeper\NoteKeeper.Android\NoteKeeper.Android.csproj", "{61E1AAF6-DB02-4A27-B31F-42FB621C99F3}"
EndProject
Project("{FAE04EC0-301F-11D3-BF4B-00C04F79EFBC}") = "NoteKeeper.iOS", "NoteKeeper\NoteKeeper.iOS\NoteKeeper.iOS.csproj", "{5C1142D7-DB3E-467E-BFB8-3F76F7DF371D}"
EndProject
Project("{FAE04EC0-301F-11D3-BF4B-00C04F79EFBC}") = "NoteKeeper", "NoteKeeper\NoteKeeper\NoteKeeper.csproj", "{F00ACB25-80AF-4124-A401-810ADA84AD7B}"
EndProject
Global
	GlobalSection(SolutionConfigurationPlatforms) = preSolution
		Debug|Any CPU = Debug|Any CPU
		Debug|ARM = Debug|ARM
		Debug|iPhone = Debug|iPhone
		Debug|iPhoneSimulator = Debug|iPhoneSimulator
		Debug|x64 = Debug|x64
		Debug|x86 = Debug|x86
		Release|Any CPU = Release|Any CPU
		Release|ARM = Release|ARM
		Release|iPhone = Release|iPhone
		Release|iPhoneSimulator = Release|iPhoneSimulator
		Release|x64 = Release|x64
		Release|x86 = Release|x86
	EndGlobalSection
	GlobalSection(ProjectConfigurationPlatforms) = postSolution
		{4AF19A86-A3A1-46A1-8534-44D01B3CC65E}.Debug|Any CPU.ActiveCfg = Debug|x86
		{4AF19A86-A3A1-46A1-8534-44D01B3CC65E}.Debug|Any CPU.Build.0 = Debug|x86
		{4AF19A86-A3A1-46A1-8534-44D01B3CC65E}.Debug|Any CPU.Deploy.0 = Debug|x86
		{4AF19A86-A3A1-46A1-8534-44D01B3CC65E}.Debug|ARM.ActiveCfg = Debug|ARM
		{4AF19A86-A3A1-46A1-8534-44D01B3CC65E}.Debug|ARM.Build.0 = Debug|ARM
		{4AF19A86-A3A1-46A1-8534-44D01B3CC65E}.Debug|ARM.Deploy.0 = Debug|ARM
		{4AF19A86-A3A1-46A1-8534-44D01B3CC65E}.Debug|iPhone.ActiveCfg = Debug|x86
		{4AF19A86-A3A1-46A1-8534-44D01B3CC65E}.Debug|iPhone.Build.0 = Debug|x86
		{4AF19A86-A3A1-46A1-8534-44D01B3CC65E}.Debug|iPhone.Deploy.0 = Debug|x86
		{4AF19A86-A3A1-46A1-8534-44D01B3CC65E}.Debug|iPhoneSimulator.ActiveCfg = Debug|x86
		{4AF19A86-A3A1-46A1-8534-44D01B3CC65E}.Debug|iPhoneSimulator.Build.0 = Debug|x86
		{4AF19A86-A3A1-46A1-8534-44D01B3CC65E}.Debug|iPhoneSimulator.Deploy.0 = Debug|x86
		{4AF19A86-A3A1-46A1-8534-44D01B3CC65E}.Debug|x64.ActiveCfg = Debug|x64
		{4AF19A86-A3A1-46A1-8534-44D01B3CC65E}.Debug|x64.Build.0 = Debug|x64
		{4AF19A86-A3A1-46A1-8534-44D01B3CC65E}.Debug|x64.Deploy.0 = Debug|x64
		{4AF19A86-A3A1-46A1-8534-44D01B3CC65E}.Debug|x86.ActiveCfg = Debug|x86
		{4AF19A86-A3A1-46A1-8534-44D01B3CC65E}.Debug|x86.Build.0 = Debug|x86
		{4AF19A86-A3A1-46A1-8534-44D01B3CC65E}.Debug|x86.Deploy.0 = Debug|x86
		{4AF19A86-A3A1-46A1-8534-44D01B3CC65E}.Release|Any CPU.ActiveCfg = Release|x86
		{4AF19A86-A3A1-46A1-8534-44D01B3CC65E}.Release|Any CPU.Build.0 = Release|x86
		{4AF19A86-A3A1-46A1-8534-44D01B3CC65E}.Release|Any CPU.Deploy.0 = Release|x86
		{4AF19A86-A3A1-46A1-8534-44D01B3CC65E}.Release|ARM.ActiveCfg = Release|ARM
		{4AF19A86-A3A1-46A1-8534-44D01B3CC65E}.Release|ARM.Build.0 = Release|ARM
		{4AF19A86-A3A1-46A1-8534-44D01B3CC65E}.Release|ARM.Deploy.0 = Release|ARM
		{4AF19A86-A3A1-46A1-8534-44D01B3CC65E}.Release|iPhone.ActiveCfg = Release|x86
		{4AF19A86-A3A1-46A1-8534-44D01B3CC65E}.Release|iPhone.Build.0 = Release|x86
		{4AF19A86-A3A1-46A1-8534-44D01B3CC65E}.Release|iPhone.Deploy.0 = Release|x86
		{4AF19A86-A3A1-46A1-8534-44D01B3CC65E}.Release|iPhoneSimulator.ActiveCfg = Release|x86
		{4AF19A86-A3A1-46A1-8534-44D01B3CC65E}.Release|iPhoneSimulator.Build.0 = Release|x86
		{4AF19A86-A3A1-46A1-8534-44D01B3CC65E}.Release|iPhoneSimulator.Deploy.0 = Release|x86
		{4AF19A86-A3A1-46A1-8534-44D01B3CC65E}.Release|x64.ActiveCfg = Release|x64
		{4AF19A86-A3A1-46A1-8534-44D01B3CC65E}.Release|x64.Build.0 = Release|x64
		{4AF19A86-A3A1-46A1-8534-44D01B3CC65E}.Release|x64.Deploy.0 = Release|x64
		{4AF19A86-A3A1-46A1-8534-44D01B3CC65E}.Release|x86.ActiveCfg = Release|x86
		{4AF19A86-A3A1-46A1-8534-44D01B3CC65E}.Release|x86.Build.0 = Release|x86
		{4AF19A86-A3A1-46A1-8534-44D01B3CC65E}.Release|x86.Deploy.0 = Release|x86
		{61E1AAF6-DB02-4A27-B31F-42FB621C99F3}.Debug|Any CPU.ActiveCfg = Debug|Any CPU
		{61E1AAF6-DB02-4A27-B31F-42FB621C99F3}.Debug|Any CPU.Build.0 = Debug|Any CPU
		{61E1AAF6-DB02-4A27-B31F-42FB621C99F3}.Debug|Any CPU.Deploy.0 = Debug|Any CPU
		{61E1AAF6-DB02-4A27-B31F-42FB621C99F3}.Debug|ARM.ActiveCfg = Debug|Any CPU
		{61E1AAF6-DB02-4A27-B31F-42FB621C99F3}.Debug|ARM.Build.0 = Debug|Any CPU
		{61E1AAF6-DB02-4A27-B31F-42FB621C99F3}.Debug|ARM.Deploy.0 = Debug|Any CPU
		{61E1AAF6-DB02-4A27-B31F-42FB621C99F3}.Debug|iPhone.ActiveCfg = Debug|Any CPU
		{61E1AAF6-DB02-4A27-B31F-42FB621C99F3}.Debug|iPhone.Build.0 = Debug|Any CPU
		{61E1AAF6-DB02-4A27-B31F-42FB621C99F3}.Debug|iPhone.Deploy.0 = Debug|Any CPU
		{61E1AAF6-DB02-4A27-B31F-42FB621C99F3}.Debug|iPhoneSimulator.ActiveCfg = Debug|Any CPU
		{61E1AAF6-DB02-4A27-B31F-42FB621C99F3}.Debug|iPhoneSimulator.Build.0 = Debug|Any CPU
		{61E1AAF6-DB02-4A27-B31F-42FB621C99F3}.Debug|iPhoneSimulator.Deploy.0 = Debug|Any CPU
		{61E1AAF6-DB02-4A27-B31F-42FB621C99F3}.Debug|x64.ActiveCfg = Debug|Any CPU
		{61E1AAF6-DB02-4A27-B31F-42FB621C99F3}.Debug|x64.Build.0 = Debug|Any CPU
		{61E1AAF6-DB02-4A27-B31F-42FB621C99F3}.Debug|x64.Deploy.0 = Debug|Any CPU
		{61E1AAF6-DB02-4A27-B31F-42FB621C99F3}.Debug|x86.ActiveCfg = Debug|Any CPU
		{61E1AAF6-DB02-4A27-B31F-42FB621C99F3}.Debug|x86.Build.0 = Debug|Any CPU
		{61E1AAF6-DB02-4A27-B31F-42FB621C99F3}.Debug|x86.Deploy.0 = Debug|Any CPU
		{61E1AAF6-DB02-4A27-B31F-42FB621C99F3}.Release|Any CPU.ActiveCfg = Release|Any CPU
		{61E1AAF6-DB02-4A27-B31F-42FB621C99F3}.Release|Any CPU.Build.0 = Release|Any CPU
		{61E1AAF6-DB02-4A27-B31F-42FB621C99F3}.Release|Any CPU.Deploy.0 = Release|Any CPU
		{61E1AAF6-DB02-4A27-B31F-42FB621C99F3}.Release|ARM.ActiveCfg = Release|Any CPU
		{61E1AAF6-DB02-4A27-B31F-42FB621C99F3}.Release|ARM.Build.0 = Release|Any CPU
		{61E1AAF6-DB02-4A27-B31F-42FB621C99F3}.Release|ARM.Deploy.0 = Release|Any CPU
		{61E1AAF6-DB02-4A27-B31F-42FB621C99F3}.Release|iPhone.ActiveCfg = Release|Any CPU
		{61E1AAF6-DB02-4A27-B31F-42FB621C99F3}.Release|iPhone.Build.0 = Release|Any CPU
		{61E1AAF6-DB02-4A27-B31F-42FB621C99F3}.Release|iPhone.Deploy.0 = Release|Any CPU
		{61E1AAF6-DB02-4A27-B31F-42FB621C99F3}.Release|iPhoneSimulator.ActiveCfg = Release|Any CPU
		{61E1AAF6-DB02-4A27-B31F-42FB621C99F3}.Release|iPhoneSimulator.Build.0 = Release|Any CPU
		{61E1AAF6-DB02-4A27-B31F-42FB621C99F3}.Release|iPhoneSimulator.Deploy.0 = Release|Any CPU
		{61E1AAF6-DB02-4A27-B31F-42FB621C99F3}.Release|x64.ActiveCfg = Release|Any CPU
		{61E1AAF6-DB02-4A27-B31F-42FB621C99F3}.Release|x64.Build.0 = Release|Any CPU
		{61E1AAF6-DB02-4A27-B31F-42FB621C99F3}.Release|x64.Deploy.0 = Release|Any CPU
		{61E1AAF6-DB02-4A27-B31F-42FB621C99F3}.Release|x86.ActiveCfg = Release|Any CPU
		{61E1AAF6-DB02-4A27-B31F-42FB621C99F3}.Release|x86.Build.0 = Release|Any CPU
		{61E1AAF6-DB02-4A27-B31F-42FB621C99F3}.Release|x86.Deploy.0 = Release|Any CPU
		{5C1142D7-DB3E-467E-BFB8-3F76F7DF371D}.Debug|Any CPU.ActiveCfg = Debug|iPhone
		{5C1142D7-DB3E-467E-BFB8-3F76F7DF371D}.Debug|Any CPU.Build.0 = Debug|iPhone
		{5C1142D7-DB3E-467E-BFB8-3F76F7DF371D}.Debug|Any CPU.Deploy.0 = Debug|iPhone
		{5C1142D7-DB3E-467E-BFB8-3F76F7DF371D}.Debug|ARM.ActiveCfg = Debug|iPhone
		{5C1142D7-DB3E-467E-BFB8-3F76F7DF371D}.Debug|ARM.Build.0 = Debug|iPhone
		{5C1142D7-DB3E-467E-BFB8-3F76F7DF371D}.Debug|ARM.Deploy.0 = Debug|iPhone
		{5C1142D7-DB3E-467E-BFB8-3F76F7DF371D}.Debug|iPhone.ActiveCfg = Debug|iPhone
		{5C1142D7-DB3E-467E-BFB8-3F76F7DF371D}.Debug|iPhone.Build.0 = Debug|iPhone
		{5C1142D7-DB3E-467E-BFB8-3F76F7DF371D}.Debug|iPhone.Deploy.0 = Debug|iPhone
		{5C1142D7-DB3E-467E-BFB8-3F76F7DF371D}.Debug|iPhoneSimulator.ActiveCfg = Debug|iPhoneSimulator
		{5C1142D7-DB3E-467E-BFB8-3F76F7DF371D}.Debug|iPhoneSimulator.Build.0 = Debug|iPhoneSimulator
		{5C1142D7-DB3E-467E-BFB8-3F76F7DF371D}.Debug|iPhoneSimulator.Deploy.0 = Debug|iPhoneSimulator
		{5C1142D7-DB3E-467E-BFB8-3F76F7DF371D}.Debug|x64.ActiveCfg = Debug|iPhone
		{5C1142D7-DB3E-467E-BFB8-3F76F7DF371D}.Debug|x64.Build.0 = Debug|iPhone
		{5C1142D7-DB3E-467E-BFB8-3F76F7DF371D}.Debug|x64.Deploy.0 = Debug|iPhone
		{5C1142D7-DB3E-467E-BFB8-3F76F7DF371D}.Debug|x86.ActiveCfg = Debug|iPhone
		{5C1142D7-DB3E-467E-BFB8-3F76F7DF371D}.Debug|x86.Build.0 = Debug|iPhone
		{5C1142D7-DB3E-467E-BFB8-3F76F7DF371D}.Debug|x86.Deploy.0 = Debug|iPhone
		{5C1142D7-DB3E-467E-BFB8-3F76F7DF371D}.Release|Any CPU.ActiveCfg = Release|iPhone
		{5C1142D7-DB3E-467E-BFB8-3F76F7DF371D}.Release|Any CPU.Build.0 = Release|iPhone
		{5C1142D7-DB3E-467E-BFB8-3F76F7DF371D}.Release|Any CPU.Deploy.0 = Release|iPhone
		{5C1142D7-DB3E-467E-BFB8-3F76F7DF371D}.Release|ARM.ActiveCfg = Release|iPhone
		{5C1142D7-DB3E-467E-BFB8-3F76F7DF371D}.Release|ARM.Build.0 = Release|iPhone
		{5C1142D7-DB3E-467E-BFB8-3F76F7DF371D}.Release|ARM.Deploy.0 = Release|iPhone
		{5C1142D7-DB3E-467E-BFB8-3F76F7DF371D}.Release|iPhone.ActiveCfg = Release|iPhone
		{5C1142D7-DB3E-467E-BFB8-3F76F7DF371D}.Release|iPhone.Build.0 = Release|iPhone
		{5C1142D7-DB3E-467E-BFB8-3F76F7DF371D}.Release|iPhone.Deploy.0 = Release|iPhone
		{5C1142D7-DB3E-467E-BFB8-3F76F7DF371D}.Release|iPhoneSimulator.ActiveCfg = Release|iPhoneSimulator
		{5C1142D7-DB3E-467E-BFB8-3F76F7DF371D}.Release|iPhoneSimulator.Build.0 = Release|iPhoneSimulator
		{5C1142D7-DB3E-467E-BFB8-3F76F7DF371D}.Release|iPhoneSimulator.Deploy.0 = Release|iPhoneSimulator
		{5C1142D7-DB3E-467E-BFB8-3F76F7DF371D}.Release|x64.ActiveCfg = Release|iPhone
		{5C1142D7-DB3E-467E-BFB8-3F76F7DF371D}.Release|x64.Build.0 = Release|iPhone
		{5C1142D7-DB3E-467E-BFB8-3F76F7DF371D}.Release|x64.Deploy.0 = Release|iPhone
		{5C1142D7-DB3E-467E-BFB8-3F76F7DF371D}.Release|x86.ActiveCfg = Release|iPhone
		{5C1142D7-DB3E-467E-BFB8-3F76F7DF371D}.Release|x86.Build.0 = Release|iPhone
		{5C1142D7-DB3E-467E-BFB8-3F76F7DF371D}.Release|x86.Deploy.0 = Release|iPhone
		{F00ACB25-80AF-4124-A401-810ADA84AD7B}.Debug|Any CPU.ActiveCfg = Debug|Any CPU
		{F00ACB25-80AF-4124-A401-810ADA84AD7B}.Debug|Any CPU.Build.0 = Debug|Any CPU
		{F00ACB25-80AF-4124-A401-810ADA84AD7B}.Debug|Any CPU.Deploy.0 = Debug|Any CPU
		{F00ACB25-80AF-4124-A401-810ADA84AD7B}.Debug|ARM.ActiveCfg = Debug|Any CPU
		{F00ACB25-80AF-4124-A401-810ADA84AD7B}.Debug|ARM.Build.0 = Debug|Any CPU
		{F00ACB25-80AF-4124-A401-810ADA84AD7B}.Debug|ARM.Deploy.0 = Debug|Any CPU
		{F00ACB25-80AF-4124-A401-810ADA84AD7B}.Debug|iPhone.ActiveCfg = Debug|Any CPU
		{F00ACB25-80AF-4124-A401-810ADA84AD7B}.Debug|iPhone.Build.0 = Debug|Any CPU
		{F00ACB25-80AF-4124-A401-810ADA84AD7B}.Debug|iPhone.Deploy.0 = Debug|Any CPU
		{F00ACB25-80AF-4124-A401-810ADA84AD7B}.Debug|iPhoneSimulator.ActiveCfg = Debug|Any CPU
		{F00ACB25-80AF-4124-A401-810ADA84AD7B}.Debug|iPhoneSimulator.Build.0 = Debug|Any CPU
		{F00ACB25-80AF-4124-A401-810ADA84AD7B}.Debug|iPhoneSimulator.Deploy.0 = Debug|Any CPU
		{F00ACB25-80AF-4124-A401-810ADA84AD7B}.Debug|x64.ActiveCfg = Debug|Any CPU
		{F00ACB25-80AF-4124-A401-810ADA84AD7B}.Debug|x64.Build.0 = Debug|Any CPU
		{F00ACB25-80AF-4124-A401-810ADA84AD7B}.Debug|x64.Deploy.0 = Debug|Any CPU
		{F00ACB25-80AF-4124-A401-810ADA84AD7B}.Debug|x86.ActiveCfg = Debug|Any CPU
		{F00ACB25-80AF-4124-A401-810ADA84AD7B}.Debug|x86.Build.0 = Debug|Any CPU
		{F00ACB25-80AF-4124-A401-810ADA84AD7B}.Debug|x86.Deploy.0 = Debug|Any CPU
		{F00ACB25-80AF-4124-A401-810ADA84AD7B}.Release|Any CPU.ActiveCfg = Release|Any CPU
		{F00ACB25-80AF-4124-A401-810ADA84AD7B}.Release|Any CPU.Build.0 = Release|Any CPU
		{F00ACB25-80AF-4124-A401-810ADA84AD7B}.Release|Any CPU.Deploy.0 = Release|Any CPU
		{F00ACB25-80AF-4124-A401-810ADA84AD7B}.Release|ARM.ActiveCfg = Release|Any CPU
		{F00ACB25-80AF-4124-A401-810ADA84AD7B}.Release|ARM.Build.0 = Release|Any CPU
		{F00ACB25-80AF-4124-A401-810ADA84AD7B}.Release|ARM.Deploy.0 = Release|Any CPU
		{F00ACB25-80AF-4124-A401-810ADA84AD7B}.Release|iPhone.ActiveCfg = Release|Any CPU
		{F00ACB25-80AF-4124-A401-810ADA84AD7B}.Release|iPhone.Build.0 = Release|Any CPU
		{F00ACB25-80AF-4124-A401-810ADA84AD7B}.Release|iPhone.Deploy.0 = Release|Any CPU
		{F00ACB25-80AF-4124-A401-810ADA84AD7B}.Release|iPhoneSimulator.ActiveCfg = Release|Any CPU
		{F00ACB25-80AF-4124-A401-810ADA84AD7B}.Release|iPhoneSimulator.Build.0 = Release|Any CPU
		{F00ACB25-80AF-4124-A401-810ADA84AD7B}.Release|iPhoneSimulator.Deploy.0 = Release|Any CPU
		{F00ACB25-80AF-4124-A401-810ADA84AD7B}.Release|x64.ActiveCfg = Release|Any CPU
		{F00ACB25-80AF-4124-A401-810ADA84AD7B}.Release|x64.Build.0 = Release|Any CPU
		{F00ACB25-80AF-4124-A401-810ADA84AD7B}.Release|x64.Deploy.0 = Release|Any CPU
		{F00ACB25-80AF-4124-A401-810ADA84AD7B}.Release|x86.ActiveCfg = Release|Any CPU
		{F00ACB25-80AF-4124-A401-810ADA84AD7B}.Release|x86.Build.0 = Release|Any CPU
		{F00ACB25-80AF-4124-A401-810ADA84AD7B}.Release|x86.Deploy.0 = Release|Any CPU
	EndGlobalSection
	GlobalSection(SolutionProperties) = preSolution
		HideSolutionNode = FALSE
	EndGlobalSection
	GlobalSection(ExtensibilityGlobals) = postSolution
		SolutionGuid = {E12953D7-12A4-4B0B-A402-79611B553782}
	EndGlobalSection
EndGlobal
